<?xml version="1.0" encoding="UTF-8" standalone="yes" ?>
<CodeBlocks_project_file>
	<FileVersion major="1" minor="6" />
	<Project>
		<Option title="samoa" />
		<Option pch_mode="2" />
		<Option compiler="gfortran" />
		<Build>
			<Target title="Debug">
				<Option platforms="Unix;" />
				<Option output="bin/samoa_swe_noomp_nompi_gnu_debug" prefix_auto="1" extension_auto="1" />
				<Option object_output="obj/Release/" />
				<Option type="1" />
				<Option compiler="gfortran" />
				<Option use_console_runner="0" />
				<Option parameters="-dmin 2 -dmax 2 -tsteps 100 " />
				<Compiler>
					<Add option="-O2" />
				</Compiler>
				<Linker>
					<Add option="-s" />
				</Linker>
			</Target>
		</Build>
		<Compiler>
			<Add option="-Wall" />
		</Compiler>
		<Unit filename="bin/build_samoa_darcy_gnu/Config.o">
			<Option target="&lt;{~None~}&gt;" />
		</Unit>
		<Unit filename="bin/build_samoa_darcy_gnu/Conformity/Conformity.o">
			<Option target="&lt;{~None~}&gt;" />
		</Unit>
		<Unit filename="bin/build_samoa_darcy_gnu/Darcy/Darcy.o">
			<Option target="&lt;{~None~}&gt;" />
		</Unit>
		<Unit filename="bin/build_samoa_darcy_gnu/Darcy/Darcy_adapt.o">
			<Option target="&lt;{~None~}&gt;" />
		</Unit>
		<Unit filename="bin/build_samoa_darcy_gnu/Darcy/Darcy_basis.o">
			<Option target="&lt;{~None~}&gt;" />
		</Unit>
		<Unit filename="bin/build_samoa_darcy_gnu/Darcy/Darcy_data_types.o">
			<Option target="&lt;{~None~}&gt;" />
		</Unit>
		<Unit filename="bin/build_samoa_darcy_gnu/Darcy/Darcy_error_estimate.o">
			<Option target="&lt;{~None~}&gt;" />
		</Unit>
		<Unit filename="bin/build_samoa_darcy_gnu/Darcy/Darcy_grad_p.o">
			<Option target="&lt;{~None~}&gt;" />
		</Unit>
		<Unit filename="bin/build_samoa_darcy_gnu/Darcy/Darcy_initialize.o">
			<Option target="&lt;{~None~}&gt;" />
		</Unit>
		<Unit filename="bin/build_samoa_darcy_gnu/Darcy/Darcy_laplace_cg.o">
			<Option target="&lt;{~None~}&gt;" />
		</Unit>
		<Unit filename="bin/build_samoa_darcy_gnu/Darcy/Darcy_laplace_jacobi.o">
			<Option target="&lt;{~None~}&gt;" />
		</Unit>
		<Unit filename="bin/build_samoa_darcy_gnu/Darcy/Darcy_laplace_pipecg.o">
			<Option target="&lt;{~None~}&gt;" />
		</Unit>
		<Unit filename="bin/build_samoa_darcy_gnu/Darcy/Darcy_local_function_spaces.o">
			<Option target="&lt;{~None~}&gt;" />
		</Unit>
		<Unit filename="bin/build_samoa_darcy_gnu/Darcy/Darcy_lse_output.o">
			<Option target="&lt;{~None~}&gt;" />
		</Unit>
		<Unit filename="bin/build_samoa_darcy_gnu/Darcy/Darcy_output.o">
			<Option target="&lt;{~None~}&gt;" />
		</Unit>
		<Unit filename="bin/build_samoa_darcy_gnu/Darcy/Darcy_permeability.o">
			<Option target="&lt;{~None~}&gt;" />
		</Unit>
		<Unit filename="bin/build_samoa_darcy_gnu/Darcy/Darcy_transport_eq.o">
			<Option target="&lt;{~None~}&gt;" />
		</Unit>
		<Unit filename="bin/build_samoa_darcy_gnu/Darcy/Darcy_xml_output.o">
			<Option target="&lt;{~None~}&gt;" />
		</Unit>
		<Unit filename="bin/build_samoa_darcy_gnu/Flash/FLASH.o">
			<Option target="&lt;{~None~}&gt;" />
		</Unit>
		<Unit filename="bin/build_samoa_darcy_gnu/Flash/FLASH_adapt.o">
			<Option target="&lt;{~None~}&gt;" />
		</Unit>
		<Unit filename="bin/build_samoa_darcy_gnu/Flash/FLASH_basis.o">
			<Option target="&lt;{~None~}&gt;" />
		</Unit>
		<Unit filename="bin/build_samoa_darcy_gnu/Flash/FLASH_data_types.o">
			<Option target="&lt;{~None~}&gt;" />
		</Unit>
		<Unit filename="bin/build_samoa_darcy_gnu/Flash/FLASH_dg_element.o">
			<Option target="&lt;{~None~}&gt;" />
		</Unit>
		<Unit filename="bin/build_samoa_darcy_gnu/Flash/FLASH_euler_timestep.o">
			<Option target="&lt;{~None~}&gt;" />
		</Unit>
		<Unit filename="bin/build_samoa_darcy_gnu/Flash/FLASH_initialize.o">
			<Option target="&lt;{~None~}&gt;" />
		</Unit>
		<Unit filename="bin/build_samoa_darcy_gnu/Flash/FLASH_local_function_spaces.o">
			<Option target="&lt;{~None~}&gt;" />
		</Unit>
		<Unit filename="bin/build_samoa_darcy_gnu/Flash/FLASH_output.o">
			<Option target="&lt;{~None~}&gt;" />
		</Unit>
		<Unit filename="bin/build_samoa_darcy_gnu/Flash/FLASH_xml_output.o">
			<Option target="&lt;{~None~}&gt;" />
		</Unit>
		<Unit filename="bin/build_samoa_darcy_gnu/Generic/Generic.o">
			<Option target="&lt;{~None~}&gt;" />
		</Unit>
		<Unit filename="bin/build_samoa_darcy_gnu/Generic/Generic_adapt_template.o">
			<Option target="&lt;{~None~}&gt;" />
		</Unit>
		<Unit filename="bin/build_samoa_darcy_gnu/Generic/Generic_data_types.o">
			<Option target="&lt;{~None~}&gt;" />
		</Unit>
		<Unit filename="bin/build_samoa_darcy_gnu/Generic/Generic_initialize.o">
			<Option target="&lt;{~None~}&gt;" />
		</Unit>
		<Unit filename="bin/build_samoa_darcy_gnu/Generic/Generic_template.o">
			<Option target="&lt;{~None~}&gt;" />
		</Unit>
		<Unit filename="bin/build_samoa_darcy_gnu/Heat_Equation/Heat_Eq.o">
			<Option target="&lt;{~None~}&gt;" />
		</Unit>
		<Unit filename="bin/build_samoa_darcy_gnu/Heat_Equation/Heat_Eq_adapt.o">
			<Option target="&lt;{~None~}&gt;" />
		</Unit>
		<Unit filename="bin/build_samoa_darcy_gnu/Heat_Equation/Heat_Eq_basis.o">
			<Option target="&lt;{~None~}&gt;" />
		</Unit>
		<Unit filename="bin/build_samoa_darcy_gnu/Heat_Equation/Heat_Eq_data_types.o">
			<Option target="&lt;{~None~}&gt;" />
		</Unit>
		<Unit filename="bin/build_samoa_darcy_gnu/Heat_Equation/Heat_Eq_euler_timestep.o">
			<Option target="&lt;{~None~}&gt;" />
		</Unit>
		<Unit filename="bin/build_samoa_darcy_gnu/Heat_Equation/Heat_Eq_heun_timestep.o">
			<Option target="&lt;{~None~}&gt;" />
		</Unit>
		<Unit filename="bin/build_samoa_darcy_gnu/Heat_Equation/Heat_Eq_initialize.o">
			<Option target="&lt;{~None~}&gt;" />
		</Unit>
		<Unit filename="bin/build_samoa_darcy_gnu/Heat_Equation/Heat_Eq_local_function_spaces.o">
			<Option target="&lt;{~None~}&gt;" />
		</Unit>
		<Unit filename="bin/build_samoa_darcy_gnu/Heat_Equation/Heat_Eq_midpoint_timestep.o">
			<Option target="&lt;{~None~}&gt;" />
		</Unit>
		<Unit filename="bin/build_samoa_darcy_gnu/Heat_Equation/Heat_Eq_output.o">
			<Option target="&lt;{~None~}&gt;" />
		</Unit>
		<Unit filename="bin/build_samoa_darcy_gnu/Heat_Equation/Heat_Eq_xml_output.o">
			<Option target="&lt;{~None~}&gt;" />
		</Unit>
		<Unit filename="bin/build_samoa_darcy_gnu/LIB_VTK_IO.o">
			<Option target="&lt;{~None~}&gt;" />
		</Unit>
		<Unit filename="bin/build_samoa_darcy_gnu/M_kracken.o">
			<Option target="&lt;{~None~}&gt;" />
		</Unit>
		<Unit filename="bin/build_samoa_darcy_gnu/SFC_data_types.o">
			<Option target="&lt;{~None~}&gt;" />
		</Unit>
		<Unit filename="bin/build_samoa_darcy_gnu/SFC_edge_traversal.o">
			<Option target="&lt;{~None~}&gt;" />
		</Unit>
		<Unit filename="bin/build_samoa_darcy_gnu/SFC_main.o">
			<Option target="&lt;{~None~}&gt;" />
		</Unit>
		<Unit filename="bin/build_samoa_darcy_gnu/SFC_node_traversal.o">
			<Option target="&lt;{~None~}&gt;" />
		</Unit>
		<Unit filename="bin/build_samoa_darcy_gnu/SFC_traversal.o">
			<Option target="&lt;{~None~}&gt;" />
		</Unit>
		<Unit filename="bin/build_samoa_darcy_gnu/SWE/SWE.o">
			<Option target="&lt;{~None~}&gt;" />
		</Unit>
		<Unit filename="bin/build_samoa_darcy_gnu/SWE/SWE_adapt.o">
			<Option target="&lt;{~None~}&gt;" />
		</Unit>
		<Unit filename="bin/build_samoa_darcy_gnu/SWE/SWE_basis.o">
			<Option target="&lt;{~None~}&gt;" />
		</Unit>
		<Unit filename="bin/build_samoa_darcy_gnu/SWE/SWE_data_types.o">
			<Option target="&lt;{~None~}&gt;" />
		</Unit>
		<Unit filename="bin/build_samoa_darcy_gnu/SWE/SWE_displace.o">
			<Option target="&lt;{~None~}&gt;" />
		</Unit>
		<Unit filename="bin/build_samoa_darcy_gnu/SWE/SWE_euler_timestep.o">
			<Option target="&lt;{~None~}&gt;" />
		</Unit>
		<Unit filename="bin/build_samoa_darcy_gnu/SWE/SWE_initialize.o">
			<Option target="&lt;{~None~}&gt;" />
		</Unit>
		<Unit filename="bin/build_samoa_darcy_gnu/SWE/SWE_local_function_spaces.o">
			<Option target="&lt;{~None~}&gt;" />
		</Unit>
		<Unit filename="bin/build_samoa_darcy_gnu/SWE/SWE_output.o">
			<Option target="&lt;{~None~}&gt;" />
		</Unit>
		<Unit filename="bin/build_samoa_darcy_gnu/SWE/SWE_point_output.o">
			<Option target="&lt;{~None~}&gt;" />
		</Unit>
		<Unit filename="bin/build_samoa_darcy_gnu/SWE/SWE_xml_output.o">
			<Option target="&lt;{~None~}&gt;" />
		</Unit>
		<Unit filename="bin/build_samoa_darcy_gnu/SWE/ascii_output_model.o">
			<Option target="&lt;{~None~}&gt;" />
		</Unit>
		<Unit filename="bin/build_samoa_darcy_gnu/SWE/ascii_output_view.o">
			<Option target="&lt;{~None~}&gt;" />
		</Unit>
		<Unit filename="bin/build_samoa_darcy_gnu/Samoa/Samoa.o">
			<Option target="&lt;{~None~}&gt;" />
		</Unit>
		<Unit filename="bin/build_samoa_darcy_gnu/Samoa/Tools_quadrature_rule_base.o">
			<Option target="&lt;{~None~}&gt;" />
		</Unit>
		<Unit filename="bin/build_samoa_darcy_gnu/Solver/LinearSolver.o">
			<Option target="&lt;{~None~}&gt;" />
		</Unit>
		<Unit filename="bin/build_samoa_darcy_gnu/Tests/Tests.o">
			<Option target="&lt;{~None~}&gt;" />
		</Unit>
		<Unit filename="bin/build_samoa_darcy_gnu/Tests/Tests_basis_functions.o">
			<Option target="&lt;{~None~}&gt;" />
		</Unit>
		<Unit filename="bin/build_samoa_darcy_gnu/Tests/Tests_consistency_traversal.o">
			<Option target="&lt;{~None~}&gt;" />
		</Unit>
		<Unit filename="bin/build_samoa_darcy_gnu/Tests/Tests_data_types.o">
			<Option target="&lt;{~None~}&gt;" />
		</Unit>
		<Unit filename="bin/build_samoa_darcy_gnu/Tests/Tests_flops_traversal.o">
			<Option target="&lt;{~None~}&gt;" />
		</Unit>
		<Unit filename="bin/build_samoa_darcy_gnu/Tests/Tests_initialize.o">
			<Option target="&lt;{~None~}&gt;" />
		</Unit>
		<Unit filename="bin/build_samoa_darcy_gnu/Tests/Tests_memory_traversal.o">
			<Option target="&lt;{~None~}&gt;" />
		</Unit>
		<Unit filename="bin/build_samoa_darcy_gnu/Tests/Tests_node_dummy_traversal.o">
			<Option target="&lt;{~None~}&gt;" />
		</Unit>
		<Unit filename="bin/build_samoa_darcy_gnu/Tools_log.o">
			<Option target="&lt;{~None~}&gt;" />
		</Unit>
		<Unit filename="bin/build_samoa_darcy_gnu/Tools_noise.o">
			<Option target="&lt;{~None~}&gt;" />
		</Unit>
		<Unit filename="bin/build_samoa_darcy_gnu/Tools_statistics.o">
			<Option target="&lt;{~None~}&gt;" />
		</Unit>
		<Unit filename="bin/build_samoa_darcy_gnu/asagi.mod">
			<Option target="&lt;{~None~}&gt;" />
		</Unit>
		<Unit filename="bin/build_samoa_darcy_gnu/ascii_output.mod">
			<Option target="&lt;{~None~}&gt;" />
		</Unit>
		<Unit filename="bin/build_samoa_darcy_gnu/boundary_edge_stream.mod">
			<Option target="&lt;{~None~}&gt;" />
		</Unit>
		<Unit filename="bin/build_samoa_darcy_gnu/boundary_node_stream.mod">
			<Option target="&lt;{~None~}&gt;" />
		</Unit>
		<Unit filename="bin/build_samoa_darcy_gnu/c_bind_riemannsolvers.mod">
			<Option target="&lt;{~None~}&gt;" />
		</Unit>
		<Unit filename="bin/build_samoa_darcy_gnu/cell_stream.mod">
			<Option target="&lt;{~None~}&gt;" />
		</Unit>
		<Unit filename="bin/build_samoa_darcy_gnu/color_edge_stack.mod">
			<Option target="&lt;{~None~}&gt;" />
		</Unit>
		<Unit filename="bin/build_samoa_darcy_gnu/color_edge_stream.mod">
			<Option target="&lt;{~None~}&gt;" />
		</Unit>
		<Unit filename="bin/build_samoa_darcy_gnu/config.mod">
			<Option target="&lt;{~None~}&gt;" />
		</Unit>
		<Unit filename="bin/build_samoa_darcy_gnu/conformity.mod">
			<Option target="&lt;{~None~}&gt;" />
		</Unit>
		<Unit filename="bin/build_samoa_darcy_gnu/crossed_edge_stream.mod">
			<Option target="&lt;{~None~}&gt;" />
		</Unit>
		<Unit filename="bin/build_samoa_darcy_gnu/darcy.mod">
			<Option target="&lt;{~None~}&gt;" />
		</Unit>
		<Unit filename="bin/build_samoa_darcy_gnu/darcy_adapt.mod">
			<Option target="&lt;{~None~}&gt;" />
		</Unit>
		<Unit filename="bin/build_samoa_darcy_gnu/darcy_data_types.mod">
			<Option target="&lt;{~None~}&gt;" />
		</Unit>
		<Unit filename="bin/build_samoa_darcy_gnu/darcy_error_estimate.mod">
			<Option target="&lt;{~None~}&gt;" />
		</Unit>
		<Unit filename="bin/build_samoa_darcy_gnu/darcy_gm_a_mod.mod">
			<Option target="&lt;{~None~}&gt;" />
		</Unit>
		<Unit filename="bin/build_samoa_darcy_gnu/darcy_grad_p.mod">
			<Option target="&lt;{~None~}&gt;" />
		</Unit>
		<Unit filename="bin/build_samoa_darcy_gnu/darcy_gv_a_d_mod.mod">
			<Option target="&lt;{~None~}&gt;" />
		</Unit>
		<Unit filename="bin/build_samoa_darcy_gnu/darcy_gv_d_mod.mod">
			<Option target="&lt;{~None~}&gt;" />
		</Unit>
		<Unit filename="bin/build_samoa_darcy_gnu/darcy_gv_flux_mod.mod">
			<Option target="&lt;{~None~}&gt;" />
		</Unit>
		<Unit filename="bin/build_samoa_darcy_gnu/darcy_gv_is_dirichlet_boundary_mod.mod">
			<Option target="&lt;{~None~}&gt;" />
		</Unit>
		<Unit filename="bin/build_samoa_darcy_gnu/darcy_gv_mat_diagonal_mod.mod">
			<Option target="&lt;{~None~}&gt;" />
		</Unit>
		<Unit filename="bin/build_samoa_darcy_gnu/darcy_gv_p_mod.mod">
			<Option target="&lt;{~None~}&gt;" />
		</Unit>
		<Unit filename="bin/build_samoa_darcy_gnu/darcy_gv_r_mod.mod">
			<Option target="&lt;{~None~}&gt;" />
		</Unit>
		<Unit filename="bin/build_samoa_darcy_gnu/darcy_gv_saturation_mod.mod">
			<Option target="&lt;{~None~}&gt;" />
		</Unit>
		<Unit filename="bin/build_samoa_darcy_gnu/darcy_gv_u_mod.mod">
			<Option target="&lt;{~None~}&gt;" />
		</Unit>
		<Unit filename="bin/build_samoa_darcy_gnu/darcy_gv_volume_mod.mod">
			<Option target="&lt;{~None~}&gt;" />
		</Unit>
		<Unit filename="bin/build_samoa_darcy_gnu/darcy_initialize_pressure.mod">
			<Option target="&lt;{~None~}&gt;" />
		</Unit>
		<Unit filename="bin/build_samoa_darcy_gnu/darcy_initialize_saturation.mod">
			<Option target="&lt;{~None~}&gt;" />
		</Unit>
		<Unit filename="bin/build_samoa_darcy_gnu/darcy_lse_output.mod">
			<Option target="&lt;{~None~}&gt;" />
		</Unit>
		<Unit filename="bin/build_samoa_darcy_gnu/darcy_permeability.mod">
			<Option target="&lt;{~None~}&gt;" />
		</Unit>
		<Unit filename="bin/build_samoa_darcy_gnu/darcy_pressure_solver_cg.mod">
			<Option target="&lt;{~None~}&gt;" />
		</Unit>
		<Unit filename="bin/build_samoa_darcy_gnu/darcy_pressure_solver_cg_1.mod">
			<Option target="&lt;{~None~}&gt;" />
		</Unit>
		<Unit filename="bin/build_samoa_darcy_gnu/darcy_pressure_solver_cg_2.mod">
			<Option target="&lt;{~None~}&gt;" />
		</Unit>
		<Unit filename="bin/build_samoa_darcy_gnu/darcy_pressure_solver_cg_exact.mod">
			<Option target="&lt;{~None~}&gt;" />
		</Unit>
		<Unit filename="bin/build_samoa_darcy_gnu/darcy_pressure_solver_jacobi.mod">
			<Option target="&lt;{~None~}&gt;" />
		</Unit>
		<Unit filename="bin/build_samoa_darcy_gnu/darcy_pressure_solver_jacobi_1.mod">
			<Option target="&lt;{~None~}&gt;" />
		</Unit>
		<Unit filename="bin/build_samoa_darcy_gnu/darcy_pressure_solver_pipecg.mod">
			<Option target="&lt;{~None~}&gt;" />
		</Unit>
		<Unit filename="bin/build_samoa_darcy_gnu/darcy_pressure_solver_pipecg_exact.mod">
			<Option target="&lt;{~None~}&gt;" />
		</Unit>
		<Unit filename="bin/build_samoa_darcy_gnu/darcy_pressure_solver_pipecg_step.mod">
			<Option target="&lt;{~None~}&gt;" />
		</Unit>
		<Unit filename="bin/build_samoa_darcy_gnu/darcy_pressure_solver_pipecg_unst.mod">
			<Option target="&lt;{~None~}&gt;" />
		</Unit>
		<Unit filename="bin/build_samoa_darcy_gnu/darcy_pressure_solver_pipecg_unst_exact.mod">
			<Option target="&lt;{~None~}&gt;" />
		</Unit>
		<Unit filename="bin/build_samoa_darcy_gnu/darcy_pressure_solver_pipecg_unst_step.mod">
			<Option target="&lt;{~None~}&gt;" />
		</Unit>
		<Unit filename="bin/build_samoa_darcy_gnu/darcy_transport_eq.mod">
			<Option target="&lt;{~None~}&gt;" />
		</Unit>
		<Unit filename="bin/build_samoa_darcy_gnu/darcy_vtk_output.mod">
			<Option target="&lt;{~None~}&gt;" />
		</Unit>
		<Unit filename="bin/build_samoa_darcy_gnu/darcy_xml_output.mod">
			<Option target="&lt;{~None~}&gt;" />
		</Unit>
		<Unit filename="bin/build_samoa_darcy_gnu/geoclaw/c_bind_riemannsolvers.o">
			<Option target="&lt;{~None~}&gt;" />
		</Unit>
		<Unit filename="bin/build_samoa_darcy_gnu/geoclaw/riemannsolvers.o">
			<Option target="&lt;{~None~}&gt;" />
		</Unit>
		<Unit filename="bin/build_samoa_darcy_gnu/geoclaw/riemannsolvers_qp.o">
			<Option target="&lt;{~None~}&gt;" />
		</Unit>
		<Unit filename="bin/build_samoa_darcy_gnu/geoclaw/riemannsolvers_sp.o">
			<Option target="&lt;{~None~}&gt;" />
		</Unit>
		<Unit filename="bin/build_samoa_darcy_gnu/grid.mod">
			<Option target="&lt;{~None~}&gt;" />
		</Unit>
		<Unit filename="bin/build_samoa_darcy_gnu/grid_section.mod">
			<Option target="&lt;{~None~}&gt;" />
		</Unit>
		<Unit filename="bin/build_samoa_darcy_gnu/grid_thread.mod">
			<Option target="&lt;{~None~}&gt;" />
		</Unit>
		<Unit filename="bin/build_samoa_darcy_gnu/int64_list.mod">
			<Option target="&lt;{~None~}&gt;" />
		</Unit>
		<Unit filename="bin/build_samoa_darcy_gnu/integer_list.mod">
			<Option target="&lt;{~None~}&gt;" />
		</Unit>
		<Unit filename="bin/build_samoa_darcy_gnu/integer_stack.mod">
			<Option target="&lt;{~None~}&gt;" />
		</Unit>
		<Unit filename="bin/build_samoa_darcy_gnu/lib_vtk_io.mod">
			<Option target="&lt;{~None~}&gt;" />
		</Unit>
		<Unit filename="bin/build_samoa_darcy_gnu/linear_solver.mod">
			<Option target="&lt;{~None~}&gt;" />
		</Unit>
		<Unit filename="bin/build_samoa_darcy_gnu/m_kracken.mod">
			<Option target="&lt;{~None~}&gt;" />
		</Unit>
		<Unit filename="bin/build_samoa_darcy_gnu/m_kracken_dictionary.mod">
			<Option target="&lt;{~None~}&gt;" />
		</Unit>
		<Unit filename="bin/build_samoa_darcy_gnu/neighbor_list.mod">
			<Option target="&lt;{~None~}&gt;" />
		</Unit>
		<Unit filename="bin/build_samoa_darcy_gnu/node_stack.mod">
			<Option target="&lt;{~None~}&gt;" />
		</Unit>
		<Unit filename="bin/build_samoa_darcy_gnu/node_stream.mod">
			<Option target="&lt;{~None~}&gt;" />
		</Unit>
		<Unit filename="bin/build_samoa_darcy_gnu/samoa.mod">
			<Option target="&lt;{~None~}&gt;" />
		</Unit>
		<Unit filename="bin/build_samoa_darcy_gnu/samoa_darcy.mod">
			<Option target="&lt;{~None~}&gt;" />
		</Unit>
		<Unit filename="bin/build_samoa_darcy_gnu/samoa_darcy_flow_space.mod">
			<Option target="&lt;{~None~}&gt;" />
		</Unit>
		<Unit filename="bin/build_samoa_darcy_gnu/samoa_darcy_p_space.mod">
			<Option target="&lt;{~None~}&gt;" />
		</Unit>
		<Unit filename="bin/build_samoa_darcy_gnu/samoa_darcy_perm_space.mod">
			<Option target="&lt;{~None~}&gt;" />
		</Unit>
		<Unit filename="bin/build_samoa_darcy_gnu/samoa_darcy_u_space.mod">
			<Option target="&lt;{~None~}&gt;" />
		</Unit>
		<Unit filename="bin/build_samoa_darcy_gnu/section_info_list.mod">
			<Option target="&lt;{~None~}&gt;" />
		</Unit>
		<Unit filename="bin/build_samoa_darcy_gnu/sfc_data_types.mod">
			<Option target="&lt;{~None~}&gt;" />
		</Unit>
		<Unit filename="bin/build_samoa_darcy_gnu/sfc_edge_traversal.mod">
			<Option target="&lt;{~None~}&gt;" />
		</Unit>
		<Unit filename="bin/build_samoa_darcy_gnu/sfc_node_traversal.mod">
			<Option target="&lt;{~None~}&gt;" />
		</Unit>
		<Unit filename="bin/build_samoa_darcy_gnu/sfc_traversal.mod">
			<Option target="&lt;{~None~}&gt;" />
		</Unit>
		<Unit filename="bin/build_samoa_darcy_gnu/stats_list.mod">
			<Option target="&lt;{~None~}&gt;" />
		</Unit>
		<Unit filename="bin/build_samoa_darcy_gnu/tools_log.mod">
			<Option target="&lt;{~None~}&gt;" />
		</Unit>
		<Unit filename="bin/build_samoa_darcy_gnu/tools_mpi.mod">
			<Option target="&lt;{~None~}&gt;" />
		</Unit>
		<Unit filename="bin/build_samoa_darcy_gnu/tools_noise.mod">
			<Option target="&lt;{~None~}&gt;" />
		</Unit>
		<Unit filename="bin/build_samoa_darcy_gnu/tools_openmp.mod">
			<Option target="&lt;{~None~}&gt;" />
		</Unit>
		<Unit filename="bin/build_samoa_darcy_gnu/tools_parallel_operators.mod">
			<Option target="&lt;{~None~}&gt;" />
		</Unit>
		<Unit filename="bin/build_samoa_darcy_gnu/tools_quadrature_rule_base.mod">
			<Option target="&lt;{~None~}&gt;" />
		</Unit>
		<Unit filename="bin/build_samoa_darcy_gnu/tools_statistics.mod">
			<Option target="&lt;{~None~}&gt;" />
		</Unit>
		<Unit filename="bin/build_samoa_darcy_openmpi_gnu/Config.o">
			<Option target="&lt;{~None~}&gt;" />
		</Unit>
		<Unit filename="bin/build_samoa_darcy_openmpi_gnu/Conformity/Conformity.o">
			<Option target="&lt;{~None~}&gt;" />
		</Unit>
		<Unit filename="bin/build_samoa_darcy_openmpi_gnu/Darcy/Darcy.o">
			<Option target="&lt;{~None~}&gt;" />
		</Unit>
		<Unit filename="bin/build_samoa_darcy_openmpi_gnu/Darcy/Darcy_adapt.o">
			<Option target="&lt;{~None~}&gt;" />
		</Unit>
		<Unit filename="bin/build_samoa_darcy_openmpi_gnu/Darcy/Darcy_basis.o">
			<Option target="&lt;{~None~}&gt;" />
		</Unit>
		<Unit filename="bin/build_samoa_darcy_openmpi_gnu/Darcy/Darcy_data_types.o">
			<Option target="&lt;{~None~}&gt;" />
		</Unit>
		<Unit filename="bin/build_samoa_darcy_openmpi_gnu/Darcy/Darcy_error_estimate.o">
			<Option target="&lt;{~None~}&gt;" />
		</Unit>
		<Unit filename="bin/build_samoa_darcy_openmpi_gnu/Darcy/Darcy_grad_p.o">
			<Option target="&lt;{~None~}&gt;" />
		</Unit>
		<Unit filename="bin/build_samoa_darcy_openmpi_gnu/Darcy/Darcy_initialize.o">
			<Option target="&lt;{~None~}&gt;" />
		</Unit>
		<Unit filename="bin/build_samoa_darcy_openmpi_gnu/Darcy/Darcy_laplace_cg.o">
			<Option target="&lt;{~None~}&gt;" />
		</Unit>
		<Unit filename="bin/build_samoa_darcy_openmpi_gnu/Darcy/Darcy_laplace_jacobi.o">
			<Option target="&lt;{~None~}&gt;" />
		</Unit>
		<Unit filename="bin/build_samoa_darcy_openmpi_gnu/Darcy/Darcy_laplace_pipecg.o">
			<Option target="&lt;{~None~}&gt;" />
		</Unit>
		<Unit filename="bin/build_samoa_darcy_openmpi_gnu/Darcy/Darcy_local_function_spaces.o">
			<Option target="&lt;{~None~}&gt;" />
		</Unit>
		<Unit filename="bin/build_samoa_darcy_openmpi_gnu/Darcy/Darcy_lse_output.o">
			<Option target="&lt;{~None~}&gt;" />
		</Unit>
		<Unit filename="bin/build_samoa_darcy_openmpi_gnu/Darcy/Darcy_output.o">
			<Option target="&lt;{~None~}&gt;" />
		</Unit>
		<Unit filename="bin/build_samoa_darcy_openmpi_gnu/Darcy/Darcy_permeability.o">
			<Option target="&lt;{~None~}&gt;" />
		</Unit>
		<Unit filename="bin/build_samoa_darcy_openmpi_gnu/Darcy/Darcy_transport_eq.o">
			<Option target="&lt;{~None~}&gt;" />
		</Unit>
		<Unit filename="bin/build_samoa_darcy_openmpi_gnu/Darcy/Darcy_xml_output.o">
			<Option target="&lt;{~None~}&gt;" />
		</Unit>
		<Unit filename="bin/build_samoa_darcy_openmpi_gnu/Flash/FLASH.o">
			<Option target="&lt;{~None~}&gt;" />
		</Unit>
		<Unit filename="bin/build_samoa_darcy_openmpi_gnu/Flash/FLASH_adapt.o">
			<Option target="&lt;{~None~}&gt;" />
		</Unit>
		<Unit filename="bin/build_samoa_darcy_openmpi_gnu/Flash/FLASH_basis.o">
			<Option target="&lt;{~None~}&gt;" />
		</Unit>
		<Unit filename="bin/build_samoa_darcy_openmpi_gnu/Flash/FLASH_data_types.o">
			<Option target="&lt;{~None~}&gt;" />
		</Unit>
		<Unit filename="bin/build_samoa_darcy_openmpi_gnu/Flash/FLASH_dg_element.o">
			<Option target="&lt;{~None~}&gt;" />
		</Unit>
		<Unit filename="bin/build_samoa_darcy_openmpi_gnu/Flash/FLASH_euler_timestep.o">
			<Option target="&lt;{~None~}&gt;" />
		</Unit>
		<Unit filename="bin/build_samoa_darcy_openmpi_gnu/Flash/FLASH_initialize.o">
			<Option target="&lt;{~None~}&gt;" />
		</Unit>
		<Unit filename="bin/build_samoa_darcy_openmpi_gnu/Flash/FLASH_local_function_spaces.o">
			<Option target="&lt;{~None~}&gt;" />
		</Unit>
		<Unit filename="bin/build_samoa_darcy_openmpi_gnu/Flash/FLASH_output.o">
			<Option target="&lt;{~None~}&gt;" />
		</Unit>
		<Unit filename="bin/build_samoa_darcy_openmpi_gnu/Flash/FLASH_xml_output.o">
			<Option target="&lt;{~None~}&gt;" />
		</Unit>
		<Unit filename="bin/build_samoa_darcy_openmpi_gnu/Generic/Generic.o">
			<Option target="&lt;{~None~}&gt;" />
		</Unit>
		<Unit filename="bin/build_samoa_darcy_openmpi_gnu/Generic/Generic_adapt_template.o">
			<Option target="&lt;{~None~}&gt;" />
		</Unit>
		<Unit filename="bin/build_samoa_darcy_openmpi_gnu/Generic/Generic_data_types.o">
			<Option target="&lt;{~None~}&gt;" />
		</Unit>
		<Unit filename="bin/build_samoa_darcy_openmpi_gnu/Generic/Generic_initialize.o">
			<Option target="&lt;{~None~}&gt;" />
		</Unit>
		<Unit filename="bin/build_samoa_darcy_openmpi_gnu/Generic/Generic_template.o">
			<Option target="&lt;{~None~}&gt;" />
		</Unit>
		<Unit filename="bin/build_samoa_darcy_openmpi_gnu/Heat_Equation/Heat_Eq.o">
			<Option target="&lt;{~None~}&gt;" />
		</Unit>
		<Unit filename="bin/build_samoa_darcy_openmpi_gnu/Heat_Equation/Heat_Eq_adapt.o">
			<Option target="&lt;{~None~}&gt;" />
		</Unit>
		<Unit filename="bin/build_samoa_darcy_openmpi_gnu/Heat_Equation/Heat_Eq_basis.o">
			<Option target="&lt;{~None~}&gt;" />
		</Unit>
		<Unit filename="bin/build_samoa_darcy_openmpi_gnu/Heat_Equation/Heat_Eq_data_types.o">
			<Option target="&lt;{~None~}&gt;" />
		</Unit>
		<Unit filename="bin/build_samoa_darcy_openmpi_gnu/Heat_Equation/Heat_Eq_euler_timestep.o">
			<Option target="&lt;{~None~}&gt;" />
		</Unit>
		<Unit filename="bin/build_samoa_darcy_openmpi_gnu/Heat_Equation/Heat_Eq_heun_timestep.o">
			<Option target="&lt;{~None~}&gt;" />
		</Unit>
		<Unit filename="bin/build_samoa_darcy_openmpi_gnu/Heat_Equation/Heat_Eq_initialize.o">
			<Option target="&lt;{~None~}&gt;" />
		</Unit>
		<Unit filename="bin/build_samoa_darcy_openmpi_gnu/Heat_Equation/Heat_Eq_local_function_spaces.o">
			<Option target="&lt;{~None~}&gt;" />
		</Unit>
		<Unit filename="bin/build_samoa_darcy_openmpi_gnu/Heat_Equation/Heat_Eq_midpoint_timestep.o">
			<Option target="&lt;{~None~}&gt;" />
		</Unit>
		<Unit filename="bin/build_samoa_darcy_openmpi_gnu/Heat_Equation/Heat_Eq_output.o">
			<Option target="&lt;{~None~}&gt;" />
		</Unit>
		<Unit filename="bin/build_samoa_darcy_openmpi_gnu/Heat_Equation/Heat_Eq_xml_output.o">
			<Option target="&lt;{~None~}&gt;" />
		</Unit>
		<Unit filename="bin/build_samoa_darcy_openmpi_gnu/LIB_VTK_IO.o">
			<Option target="&lt;{~None~}&gt;" />
		</Unit>
		<Unit filename="bin/build_samoa_darcy_openmpi_gnu/M_kracken.o">
			<Option target="&lt;{~None~}&gt;" />
		</Unit>
		<Unit filename="bin/build_samoa_darcy_openmpi_gnu/SFC_data_types.o">
			<Option target="&lt;{~None~}&gt;" />
		</Unit>
		<Unit filename="bin/build_samoa_darcy_openmpi_gnu/SFC_edge_traversal.o">
			<Option target="&lt;{~None~}&gt;" />
		</Unit>
		<Unit filename="bin/build_samoa_darcy_openmpi_gnu/SFC_main.o">
			<Option target="&lt;{~None~}&gt;" />
		</Unit>
		<Unit filename="bin/build_samoa_darcy_openmpi_gnu/SFC_node_traversal.o">
			<Option target="&lt;{~None~}&gt;" />
		</Unit>
		<Unit filename="bin/build_samoa_darcy_openmpi_gnu/SFC_traversal.o">
			<Option target="&lt;{~None~}&gt;" />
		</Unit>
		<Unit filename="bin/build_samoa_darcy_openmpi_gnu/SWE/SWE.o">
			<Option target="&lt;{~None~}&gt;" />
		</Unit>
		<Unit filename="bin/build_samoa_darcy_openmpi_gnu/SWE/SWE_adapt.o">
			<Option target="&lt;{~None~}&gt;" />
		</Unit>
		<Unit filename="bin/build_samoa_darcy_openmpi_gnu/SWE/SWE_basis.o">
			<Option target="&lt;{~None~}&gt;" />
		</Unit>
		<Unit filename="bin/build_samoa_darcy_openmpi_gnu/SWE/SWE_data_types.o">
			<Option target="&lt;{~None~}&gt;" />
		</Unit>
		<Unit filename="bin/build_samoa_darcy_openmpi_gnu/SWE/SWE_displace.o">
			<Option target="&lt;{~None~}&gt;" />
		</Unit>
		<Unit filename="bin/build_samoa_darcy_openmpi_gnu/SWE/SWE_euler_timestep.o">
			<Option target="&lt;{~None~}&gt;" />
		</Unit>
		<Unit filename="bin/build_samoa_darcy_openmpi_gnu/SWE/SWE_initialize.o">
			<Option target="&lt;{~None~}&gt;" />
		</Unit>
		<Unit filename="bin/build_samoa_darcy_openmpi_gnu/SWE/SWE_local_function_spaces.o">
			<Option target="&lt;{~None~}&gt;" />
		</Unit>
		<Unit filename="bin/build_samoa_darcy_openmpi_gnu/SWE/SWE_output.o">
			<Option target="&lt;{~None~}&gt;" />
		</Unit>
		<Unit filename="bin/build_samoa_darcy_openmpi_gnu/SWE/SWE_point_output.o">
			<Option target="&lt;{~None~}&gt;" />
		</Unit>
		<Unit filename="bin/build_samoa_darcy_openmpi_gnu/SWE/SWE_xml_output.o">
			<Option target="&lt;{~None~}&gt;" />
		</Unit>
		<Unit filename="bin/build_samoa_darcy_openmpi_gnu/SWE/ascii_output_model.o">
			<Option target="&lt;{~None~}&gt;" />
		</Unit>
		<Unit filename="bin/build_samoa_darcy_openmpi_gnu/SWE/ascii_output_view.o">
			<Option target="&lt;{~None~}&gt;" />
		</Unit>
		<Unit filename="bin/build_samoa_darcy_openmpi_gnu/Samoa/Samoa.o">
			<Option target="&lt;{~None~}&gt;" />
		</Unit>
		<Unit filename="bin/build_samoa_darcy_openmpi_gnu/Samoa/Tools_quadrature_rule_base.o">
			<Option target="&lt;{~None~}&gt;" />
		</Unit>
		<Unit filename="bin/build_samoa_darcy_openmpi_gnu/Solver/LinearSolver.o">
			<Option target="&lt;{~None~}&gt;" />
		</Unit>
		<Unit filename="bin/build_samoa_darcy_openmpi_gnu/Tests/Tests.o">
			<Option target="&lt;{~None~}&gt;" />
		</Unit>
		<Unit filename="bin/build_samoa_darcy_openmpi_gnu/Tests/Tests_basis_functions.o">
			<Option target="&lt;{~None~}&gt;" />
		</Unit>
		<Unit filename="bin/build_samoa_darcy_openmpi_gnu/Tests/Tests_consistency_traversal.o">
			<Option target="&lt;{~None~}&gt;" />
		</Unit>
		<Unit filename="bin/build_samoa_darcy_openmpi_gnu/Tests/Tests_data_types.o">
			<Option target="&lt;{~None~}&gt;" />
		</Unit>
		<Unit filename="bin/build_samoa_darcy_openmpi_gnu/Tests/Tests_flops_traversal.o">
			<Option target="&lt;{~None~}&gt;" />
		</Unit>
		<Unit filename="bin/build_samoa_darcy_openmpi_gnu/Tests/Tests_initialize.o">
			<Option target="&lt;{~None~}&gt;" />
		</Unit>
		<Unit filename="bin/build_samoa_darcy_openmpi_gnu/Tests/Tests_memory_traversal.o">
			<Option target="&lt;{~None~}&gt;" />
		</Unit>
		<Unit filename="bin/build_samoa_darcy_openmpi_gnu/Tests/Tests_node_dummy_traversal.o">
			<Option target="&lt;{~None~}&gt;" />
		</Unit>
		<Unit filename="bin/build_samoa_darcy_openmpi_gnu/Tools_log.o">
			<Option target="&lt;{~None~}&gt;" />
		</Unit>
		<Unit filename="bin/build_samoa_darcy_openmpi_gnu/Tools_noise.o">
			<Option target="&lt;{~None~}&gt;" />
		</Unit>
		<Unit filename="bin/build_samoa_darcy_openmpi_gnu/Tools_statistics.o">
			<Option target="&lt;{~None~}&gt;" />
		</Unit>
		<Unit filename="bin/build_samoa_darcy_openmpi_gnu/asagi.mod">
			<Option target="&lt;{~None~}&gt;" />
		</Unit>
		<Unit filename="bin/build_samoa_darcy_openmpi_gnu/ascii_output.mod">
			<Option target="&lt;{~None~}&gt;" />
		</Unit>
		<Unit filename="bin/build_samoa_darcy_openmpi_gnu/boundary_edge_stream.mod">
			<Option target="&lt;{~None~}&gt;" />
		</Unit>
		<Unit filename="bin/build_samoa_darcy_openmpi_gnu/boundary_node_stream.mod">
			<Option target="&lt;{~None~}&gt;" />
		</Unit>
		<Unit filename="bin/build_samoa_darcy_openmpi_gnu/c_bind_riemannsolvers.mod">
			<Option target="&lt;{~None~}&gt;" />
		</Unit>
		<Unit filename="bin/build_samoa_darcy_openmpi_gnu/cell_stream.mod">
			<Option target="&lt;{~None~}&gt;" />
		</Unit>
		<Unit filename="bin/build_samoa_darcy_openmpi_gnu/color_edge_stack.mod">
			<Option target="&lt;{~None~}&gt;" />
		</Unit>
		<Unit filename="bin/build_samoa_darcy_openmpi_gnu/color_edge_stream.mod">
			<Option target="&lt;{~None~}&gt;" />
		</Unit>
		<Unit filename="bin/build_samoa_darcy_openmpi_gnu/config.mod">
			<Option target="&lt;{~None~}&gt;" />
		</Unit>
		<Unit filename="bin/build_samoa_darcy_openmpi_gnu/conformity.mod">
			<Option target="&lt;{~None~}&gt;" />
		</Unit>
		<Unit filename="bin/build_samoa_darcy_openmpi_gnu/crossed_edge_stream.mod">
			<Option target="&lt;{~None~}&gt;" />
		</Unit>
		<Unit filename="bin/build_samoa_darcy_openmpi_gnu/darcy.mod">
			<Option target="&lt;{~None~}&gt;" />
		</Unit>
		<Unit filename="bin/build_samoa_darcy_openmpi_gnu/darcy_adapt.mod">
			<Option target="&lt;{~None~}&gt;" />
		</Unit>
		<Unit filename="bin/build_samoa_darcy_openmpi_gnu/darcy_data_types.mod">
			<Option target="&lt;{~None~}&gt;" />
		</Unit>
		<Unit filename="bin/build_samoa_darcy_openmpi_gnu/darcy_error_estimate.mod">
			<Option target="&lt;{~None~}&gt;" />
		</Unit>
		<Unit filename="bin/build_samoa_darcy_openmpi_gnu/darcy_gm_a_mod.mod">
			<Option target="&lt;{~None~}&gt;" />
		</Unit>
		<Unit filename="bin/build_samoa_darcy_openmpi_gnu/darcy_grad_p.mod">
			<Option target="&lt;{~None~}&gt;" />
		</Unit>
		<Unit filename="bin/build_samoa_darcy_openmpi_gnu/darcy_gv_a_d_mod.mod">
			<Option target="&lt;{~None~}&gt;" />
		</Unit>
		<Unit filename="bin/build_samoa_darcy_openmpi_gnu/darcy_gv_d_mod.mod">
			<Option target="&lt;{~None~}&gt;" />
		</Unit>
		<Unit filename="bin/build_samoa_darcy_openmpi_gnu/darcy_gv_flux_mod.mod">
			<Option target="&lt;{~None~}&gt;" />
		</Unit>
		<Unit filename="bin/build_samoa_darcy_openmpi_gnu/darcy_gv_is_dirichlet_boundary_mod.mod">
			<Option target="&lt;{~None~}&gt;" />
		</Unit>
		<Unit filename="bin/build_samoa_darcy_openmpi_gnu/darcy_gv_mat_diagonal_mod.mod">
			<Option target="&lt;{~None~}&gt;" />
		</Unit>
		<Unit filename="bin/build_samoa_darcy_openmpi_gnu/darcy_gv_p_mod.mod">
			<Option target="&lt;{~None~}&gt;" />
		</Unit>
		<Unit filename="bin/build_samoa_darcy_openmpi_gnu/darcy_gv_r_mod.mod">
			<Option target="&lt;{~None~}&gt;" />
		</Unit>
		<Unit filename="bin/build_samoa_darcy_openmpi_gnu/darcy_gv_saturation_mod.mod">
			<Option target="&lt;{~None~}&gt;" />
		</Unit>
		<Unit filename="bin/build_samoa_darcy_openmpi_gnu/darcy_gv_u_mod.mod">
			<Option target="&lt;{~None~}&gt;" />
		</Unit>
		<Unit filename="bin/build_samoa_darcy_openmpi_gnu/darcy_gv_volume_mod.mod">
			<Option target="&lt;{~None~}&gt;" />
		</Unit>
		<Unit filename="bin/build_samoa_darcy_openmpi_gnu/darcy_initialize_pressure.mod">
			<Option target="&lt;{~None~}&gt;" />
		</Unit>
		<Unit filename="bin/build_samoa_darcy_openmpi_gnu/darcy_initialize_saturation.mod">
			<Option target="&lt;{~None~}&gt;" />
		</Unit>
		<Unit filename="bin/build_samoa_darcy_openmpi_gnu/darcy_lse_output.mod">
			<Option target="&lt;{~None~}&gt;" />
		</Unit>
		<Unit filename="bin/build_samoa_darcy_openmpi_gnu/darcy_permeability.mod">
			<Option target="&lt;{~None~}&gt;" />
		</Unit>
		<Unit filename="bin/build_samoa_darcy_openmpi_gnu/darcy_pressure_solver_cg.mod">
			<Option target="&lt;{~None~}&gt;" />
		</Unit>
		<Unit filename="bin/build_samoa_darcy_openmpi_gnu/darcy_pressure_solver_cg_1.mod">
			<Option target="&lt;{~None~}&gt;" />
		</Unit>
		<Unit filename="bin/build_samoa_darcy_openmpi_gnu/darcy_pressure_solver_cg_2.mod">
			<Option target="&lt;{~None~}&gt;" />
		</Unit>
		<Unit filename="bin/build_samoa_darcy_openmpi_gnu/darcy_pressure_solver_cg_exact.mod">
			<Option target="&lt;{~None~}&gt;" />
		</Unit>
		<Unit filename="bin/build_samoa_darcy_openmpi_gnu/darcy_pressure_solver_jacobi.mod">
			<Option target="&lt;{~None~}&gt;" />
		</Unit>
		<Unit filename="bin/build_samoa_darcy_openmpi_gnu/darcy_pressure_solver_jacobi_1.mod">
			<Option target="&lt;{~None~}&gt;" />
		</Unit>
		<Unit filename="bin/build_samoa_darcy_openmpi_gnu/darcy_pressure_solver_pipecg.mod">
			<Option target="&lt;{~None~}&gt;" />
		</Unit>
		<Unit filename="bin/build_samoa_darcy_openmpi_gnu/darcy_pressure_solver_pipecg_exact.mod">
			<Option target="&lt;{~None~}&gt;" />
		</Unit>
		<Unit filename="bin/build_samoa_darcy_openmpi_gnu/darcy_pressure_solver_pipecg_step.mod">
			<Option target="&lt;{~None~}&gt;" />
		</Unit>
		<Unit filename="bin/build_samoa_darcy_openmpi_gnu/darcy_pressure_solver_pipecg_unst.mod">
			<Option target="&lt;{~None~}&gt;" />
		</Unit>
		<Unit filename="bin/build_samoa_darcy_openmpi_gnu/darcy_pressure_solver_pipecg_unst_exact.mod">
			<Option target="&lt;{~None~}&gt;" />
		</Unit>
		<Unit filename="bin/build_samoa_darcy_openmpi_gnu/darcy_pressure_solver_pipecg_unst_step.mod">
			<Option target="&lt;{~None~}&gt;" />
		</Unit>
		<Unit filename="bin/build_samoa_darcy_openmpi_gnu/darcy_transport_eq.mod">
			<Option target="&lt;{~None~}&gt;" />
		</Unit>
		<Unit filename="bin/build_samoa_darcy_openmpi_gnu/darcy_vtk_output.mod">
			<Option target="&lt;{~None~}&gt;" />
		</Unit>
		<Unit filename="bin/build_samoa_darcy_openmpi_gnu/darcy_xml_output.mod">
			<Option target="&lt;{~None~}&gt;" />
		</Unit>
		<Unit filename="bin/build_samoa_darcy_openmpi_gnu/geoclaw/c_bind_riemannsolvers.o">
			<Option target="&lt;{~None~}&gt;" />
		</Unit>
		<Unit filename="bin/build_samoa_darcy_openmpi_gnu/geoclaw/riemannsolvers.o">
			<Option target="&lt;{~None~}&gt;" />
		</Unit>
		<Unit filename="bin/build_samoa_darcy_openmpi_gnu/geoclaw/riemannsolvers_qp.o">
			<Option target="&lt;{~None~}&gt;" />
		</Unit>
		<Unit filename="bin/build_samoa_darcy_openmpi_gnu/geoclaw/riemannsolvers_sp.o">
			<Option target="&lt;{~None~}&gt;" />
		</Unit>
		<Unit filename="bin/build_samoa_darcy_openmpi_gnu/grid.mod">
			<Option target="&lt;{~None~}&gt;" />
		</Unit>
		<Unit filename="bin/build_samoa_darcy_openmpi_gnu/grid_section.mod">
			<Option target="&lt;{~None~}&gt;" />
		</Unit>
		<Unit filename="bin/build_samoa_darcy_openmpi_gnu/grid_thread.mod">
			<Option target="&lt;{~None~}&gt;" />
		</Unit>
		<Unit filename="bin/build_samoa_darcy_openmpi_gnu/int64_list.mod">
			<Option target="&lt;{~None~}&gt;" />
		</Unit>
		<Unit filename="bin/build_samoa_darcy_openmpi_gnu/integer_list.mod">
			<Option target="&lt;{~None~}&gt;" />
		</Unit>
		<Unit filename="bin/build_samoa_darcy_openmpi_gnu/integer_stack.mod">
			<Option target="&lt;{~None~}&gt;" />
		</Unit>
		<Unit filename="bin/build_samoa_darcy_openmpi_gnu/lib_vtk_io.mod">
			<Option target="&lt;{~None~}&gt;" />
		</Unit>
		<Unit filename="bin/build_samoa_darcy_openmpi_gnu/linear_solver.mod">
			<Option target="&lt;{~None~}&gt;" />
		</Unit>
		<Unit filename="bin/build_samoa_darcy_openmpi_gnu/m_kracken.mod">
			<Option target="&lt;{~None~}&gt;" />
		</Unit>
		<Unit filename="bin/build_samoa_darcy_openmpi_gnu/m_kracken_dictionary.mod">
			<Option target="&lt;{~None~}&gt;" />
		</Unit>
		<Unit filename="bin/build_samoa_darcy_openmpi_gnu/neighbor_list.mod">
			<Option target="&lt;{~None~}&gt;" />
		</Unit>
		<Unit filename="bin/build_samoa_darcy_openmpi_gnu/node_stack.mod">
			<Option target="&lt;{~None~}&gt;" />
		</Unit>
		<Unit filename="bin/build_samoa_darcy_openmpi_gnu/node_stream.mod">
			<Option target="&lt;{~None~}&gt;" />
		</Unit>
		<Unit filename="bin/build_samoa_darcy_openmpi_gnu/samoa.mod">
			<Option target="&lt;{~None~}&gt;" />
		</Unit>
		<Unit filename="bin/build_samoa_darcy_openmpi_gnu/samoa_darcy.mod">
			<Option target="&lt;{~None~}&gt;" />
		</Unit>
		<Unit filename="bin/build_samoa_darcy_openmpi_gnu/samoa_darcy_flow_space.mod">
			<Option target="&lt;{~None~}&gt;" />
		</Unit>
		<Unit filename="bin/build_samoa_darcy_openmpi_gnu/samoa_darcy_p_space.mod">
			<Option target="&lt;{~None~}&gt;" />
		</Unit>
		<Unit filename="bin/build_samoa_darcy_openmpi_gnu/samoa_darcy_perm_space.mod">
			<Option target="&lt;{~None~}&gt;" />
		</Unit>
		<Unit filename="bin/build_samoa_darcy_openmpi_gnu/samoa_darcy_u_space.mod">
			<Option target="&lt;{~None~}&gt;" />
		</Unit>
		<Unit filename="bin/build_samoa_darcy_openmpi_gnu/section_info_list.mod">
			<Option target="&lt;{~None~}&gt;" />
		</Unit>
		<Unit filename="bin/build_samoa_darcy_openmpi_gnu/sfc_data_types.mod">
			<Option target="&lt;{~None~}&gt;" />
		</Unit>
		<Unit filename="bin/build_samoa_darcy_openmpi_gnu/sfc_edge_traversal.mod">
			<Option target="&lt;{~None~}&gt;" />
		</Unit>
		<Unit filename="bin/build_samoa_darcy_openmpi_gnu/sfc_node_traversal.mod">
			<Option target="&lt;{~None~}&gt;" />
		</Unit>
		<Unit filename="bin/build_samoa_darcy_openmpi_gnu/sfc_traversal.mod">
			<Option target="&lt;{~None~}&gt;" />
		</Unit>
		<Unit filename="bin/build_samoa_darcy_openmpi_gnu/stats_list.mod">
			<Option target="&lt;{~None~}&gt;" />
		</Unit>
		<Unit filename="bin/build_samoa_darcy_openmpi_gnu/tools_log.mod">
			<Option target="&lt;{~None~}&gt;" />
		</Unit>
		<Unit filename="bin/build_samoa_darcy_openmpi_gnu/tools_mpi.mod">
			<Option target="&lt;{~None~}&gt;" />
		</Unit>
		<Unit filename="bin/build_samoa_darcy_openmpi_gnu/tools_noise.mod">
			<Option target="&lt;{~None~}&gt;" />
		</Unit>
		<Unit filename="bin/build_samoa_darcy_openmpi_gnu/tools_openmp.mod">
			<Option target="&lt;{~None~}&gt;" />
		</Unit>
		<Unit filename="bin/build_samoa_darcy_openmpi_gnu/tools_parallel_operators.mod">
			<Option target="&lt;{~None~}&gt;" />
		</Unit>
		<Unit filename="bin/build_samoa_darcy_openmpi_gnu/tools_quadrature_rule_base.mod">
			<Option target="&lt;{~None~}&gt;" />
		</Unit>
		<Unit filename="bin/build_samoa_darcy_openmpi_gnu/tools_statistics.mod">
			<Option target="&lt;{~None~}&gt;" />
		</Unit>
		<Unit filename="bin/samoa_darcy_gnu" />
		<Unit filename="bin/samoa_darcy_openmpi_gnu" />
		<Unit filename="src/Compilation_control.f90">
			<Option target="&lt;{~None~}&gt;" />
		</Unit>
		<Unit filename="src/Config.f90">
			<Option target="&lt;{~None~}&gt;" />
		</Unit>
		<Unit filename="src/Conformity/Conformity.f90">
			<Option target="&lt;{~None~}&gt;" />
		</Unit>
		<Unit filename="src/Darcy/Darcy.f90">
			<Option target="&lt;{~None~}&gt;" />
		</Unit>
		<Unit filename="src/Darcy/Darcy_adapt.f90">
			<Option target="&lt;{~None~}&gt;" />
		</Unit>
		<Unit filename="src/Darcy/Darcy_basis.f90">
			<Option target="&lt;{~None~}&gt;" />
		</Unit>
		<Unit filename="src/Darcy/Darcy_data_types.f90">
			<Option target="&lt;{~None~}&gt;" />
		</Unit>
		<Unit filename="src/Darcy/Darcy_error_estimate.f90">
			<Option target="&lt;{~None~}&gt;" />
		</Unit>
		<Unit filename="src/Darcy/Darcy_grad_p.f90">
			<Option target="&lt;{~None~}&gt;" />
		</Unit>
		<Unit filename="src/Darcy/Darcy_initialize.f90">
			<Option target="&lt;{~None~}&gt;" />
		</Unit>
		<Unit filename="src/Darcy/Darcy_laplace_cg.f90">
			<Option target="&lt;{~None~}&gt;" />
		</Unit>
		<Unit filename="src/Darcy/Darcy_laplace_jacobi.f90">
			<Option target="&lt;{~None~}&gt;" />
		</Unit>
		<Unit filename="src/Darcy/Darcy_laplace_pipecg.f90">
			<Option target="&lt;{~None~}&gt;" />
		</Unit>
		<Unit filename="src/Darcy/Darcy_local_function_spaces.f90">
			<Option target="&lt;{~None~}&gt;" />
		</Unit>
		<Unit filename="src/Darcy/Darcy_lse_output.f90">
			<Option target="&lt;{~None~}&gt;" />
		</Unit>
		<Unit filename="src/Darcy/Darcy_output.f90">
			<Option target="&lt;{~None~}&gt;" />
		</Unit>
		<Unit filename="src/Darcy/Darcy_permeability.f90">
			<Option target="&lt;{~None~}&gt;" />
		</Unit>
		<Unit filename="src/Darcy/Darcy_transport_eq.f90">
			<Option target="&lt;{~None~}&gt;" />
		</Unit>
		<Unit filename="src/Darcy/Darcy_xml_output.f90">
			<Option target="&lt;{~None~}&gt;" />
		</Unit>
		<Unit filename="src/Flash/FLASH.f90">
			<Option target="&lt;{~None~}&gt;" />
		</Unit>
		<Unit filename="src/Flash/FLASH_adapt.f90">
			<Option target="&lt;{~None~}&gt;" />
		</Unit>
		<Unit filename="src/Flash/FLASH_basis.f90">
			<Option target="&lt;{~None~}&gt;" />
		</Unit>
		<Unit filename="src/Flash/FLASH_data_types.f90">
			<Option target="&lt;{~None~}&gt;" />
		</Unit>
		<Unit filename="src/Flash/FLASH_dg_element.f90">
			<Option target="&lt;{~None~}&gt;" />
		</Unit>
		<Unit filename="src/Flash/FLASH_euler_timestep.f90">
			<Option target="&lt;{~None~}&gt;" />
		</Unit>
		<Unit filename="src/Flash/FLASH_initialize.f90">
			<Option target="&lt;{~None~}&gt;" />
		</Unit>
		<Unit filename="src/Flash/FLASH_local_function_spaces.f90">
			<Option target="&lt;{~None~}&gt;" />
		</Unit>
		<Unit filename="src/Flash/FLASH_output.f90">
			<Option target="&lt;{~None~}&gt;" />
		</Unit>
		<Unit filename="src/Flash/FLASH_xml_output.f90">
			<Option target="&lt;{~None~}&gt;" />
		</Unit>
		<Unit filename="src/Generic/Generic.f90">
			<Option target="&lt;{~None~}&gt;" />
		</Unit>
		<Unit filename="src/Generic/Generic_adapt_template.f90">
			<Option target="&lt;{~None~}&gt;" />
		</Unit>
		<Unit filename="src/Generic/Generic_data_types.f90">
			<Option target="&lt;{~None~}&gt;" />
		</Unit>
		<Unit filename="src/Generic/Generic_initialize.f90">
			<Option target="&lt;{~None~}&gt;" />
		</Unit>
		<Unit filename="src/Generic/Generic_template.f90">
			<Option target="&lt;{~None~}&gt;" />
		</Unit>
		<Unit filename="src/Generic/print_kernel_test.cpp">
			<Option target="&lt;{~None~}&gt;" />
		</Unit>
		<Unit filename="src/Generic/samoa.h">
			<Option target="&lt;{~None~}&gt;" />
		</Unit>
		<Unit filename="src/Heat_Equation/Heat_Eq.f90">
			<Option target="&lt;{~None~}&gt;" />
		</Unit>
		<Unit filename="src/Heat_Equation/Heat_Eq_adapt.f90">
			<Option target="&lt;{~None~}&gt;" />
		</Unit>
		<Unit filename="src/Heat_Equation/Heat_Eq_basis.f90">
			<Option target="&lt;{~None~}&gt;" />
		</Unit>
		<Unit filename="src/Heat_Equation/Heat_Eq_data_types.f90">
			<Option target="&lt;{~None~}&gt;" />
		</Unit>
		<Unit filename="src/Heat_Equation/Heat_Eq_euler_timestep.f90">
			<Option target="&lt;{~None~}&gt;" />
		</Unit>
		<Unit filename="src/Heat_Equation/Heat_Eq_heun_timestep.f90">
			<Option target="&lt;{~None~}&gt;" />
		</Unit>
		<Unit filename="src/Heat_Equation/Heat_Eq_initialize.f90">
			<Option target="&lt;{~None~}&gt;" />
		</Unit>
		<Unit filename="src/Heat_Equation/Heat_Eq_local_function_spaces.f90">
			<Option target="&lt;{~None~}&gt;" />
		</Unit>
		<Unit filename="src/Heat_Equation/Heat_Eq_midpoint_timestep.f90">
			<Option target="&lt;{~None~}&gt;" />
		</Unit>
		<Unit filename="src/Heat_Equation/Heat_Eq_output.f90">
			<Option target="&lt;{~None~}&gt;" />
		</Unit>
		<Unit filename="src/Heat_Equation/Heat_Eq_xml_output.f90">
			<Option target="&lt;{~None~}&gt;" />
		</Unit>
		<Unit filename="src/LIB_VTK_IO.f90">
			<Option target="&lt;{~None~}&gt;" />
		</Unit>
		<Unit filename="src/M_kracken.f90">
			<Option target="&lt;{~None~}&gt;" />
		</Unit>
		<Unit filename="src/SFC_data_types.f90">
			<Option target="&lt;{~None~}&gt;" />
		</Unit>
		<Unit filename="src/SFC_edge_traversal.f90">
			<Option target="&lt;{~None~}&gt;" />
		</Unit>
		<Unit filename="src/SFC_generic_adaptive_traversal.f90">
			<Option target="&lt;{~None~}&gt;" />
		</Unit>
		<Unit filename="src/SFC_generic_traversal_ringbuffer.f90">
			<Option target="&lt;{~None~}&gt;" />
		</Unit>
		<Unit filename="src/SFC_main.f90">
			<Option target="&lt;{~None~}&gt;" />
		</Unit>
		<Unit filename="src/SFC_node_traversal.f90">
			<Option target="&lt;{~None~}&gt;" />
		</Unit>
		<Unit filename="src/SFC_traversal.f90">
			<Option target="&lt;{~None~}&gt;" />
		</Unit>
		<Unit filename="src/SWE/SWE.f90">
			<Option target="&lt;{~None~}&gt;" />
		</Unit>
		<Unit filename="src/SWE/SWE_LSE_traversal.f90">
			<Option target="&lt;{~None~}&gt;" />
		</Unit>
		<Unit filename="src/SWE/SWE_NH_residual_output_traversal.f90" />
		<Unit filename="src/SWE/SWE_NH_test_traversal.f90" />
		<Unit filename="src/SWE/SWE_NH_traversal.f90">
			<Option target="&lt;{~None~}&gt;" />
		</Unit>
		<Unit filename="src/SWE/SWE_NH_variable_output_traversal.f90" />
		<Unit filename="src/SWE/SWE_adapt.f90">
			<Option target="&lt;{~None~}&gt;" />
		</Unit>
		<Unit filename="src/SWE/SWE_basis.f90">
			<Option target="&lt;{~None~}&gt;" />
		</Unit>
		<Unit filename="src/SWE/SWE_data_types.f90">
			<Option target="&lt;{~None~}&gt;" />
		</Unit>
		<Unit filename="src/SWE/SWE_displace.f90">
			<Option target="&lt;{~None~}&gt;" />
		</Unit>
		<Unit filename="src/SWE/SWE_euler_timestep.f90">
			<Option target="&lt;{~None~}&gt;" />
		</Unit>
		<Unit filename="src/SWE/SWE_initialize.f90">
			<Option target="&lt;{~None~}&gt;" />
		</Unit>
		<Unit filename="src/SWE/SWE_local_function_spaces.f90">
			<Option target="&lt;{~None~}&gt;" />
		</Unit>
		<Unit filename="src/SWE/SWE_lse_output.f90">
			<Option target="&lt;{~None~}&gt;" />
		</Unit>
		<Unit filename="src/SWE/SWE_non_hydrostatic_pressure_jacobi.f90">
			<Option target="&lt;{~None~}&gt;" />
		</Unit>
		<Unit filename="src/SWE/SWE_non_hydrostatic_solver_Jacobi" />
		<Unit filename="src/SWE/SWE_output.f90">
			<Option target="&lt;{~None~}&gt;" />
		</Unit>
		<Unit filename="src/SWE/SWE_point_output.f90">
			<Option target="&lt;{~None~}&gt;" />
		</Unit>
		<Unit filename="src/SWE/SWE_point_output_time.f90" />
		<Unit filename="src/SWE/SWE_xml_output.f90">
			<Option target="&lt;{~None~}&gt;" />
		</Unit>
		<Unit filename="src/SWE/ascii_output_model.f90">
			<Option target="&lt;{~None~}&gt;" />
		</Unit>
		<Unit filename="src/SWE/ascii_output_view.f90">
			<Option target="&lt;{~None~}&gt;" />
		</Unit>
		<Unit filename="src/Samoa/Samoa.f90">
			<Option target="&lt;{~None~}&gt;" />
		</Unit>
		<Unit filename="src/Samoa/Tools_boundary_basis.f90">
			<Option target="&lt;{~None~}&gt;" />
		</Unit>
		<Unit filename="src/Samoa/Tools_hierarchical_basis.f90">
			<Option target="&lt;{~None~}&gt;" />
		</Unit>
		<Unit filename="src/Samoa/Tools_lagrange_basis.f90">
			<Option target="&lt;{~None~}&gt;" />
		</Unit>
		<Unit filename="src/Samoa/Tools_quadrature_rule.f90">
			<Option target="&lt;{~None~}&gt;" />
		</Unit>
		<Unit filename="src/Samoa/Tools_quadrature_rule_base.f90">
			<Option target="&lt;{~None~}&gt;" />
		</Unit>
		<Unit filename="src/Samoa/dunavant.f90">
			<Option target="&lt;{~None~}&gt;" />
		</Unit>
		<Unit filename="src/Solver/CG.f90">
			<Option target="&lt;{~None~}&gt;" />
		</Unit>
		<Unit filename="src/Solver/Jacobi.f90">
			<Option target="&lt;{~None~}&gt;" />
		</Unit>
		<Unit filename="src/Solver/LinearSolver.f90">
			<Option target="&lt;{~None~}&gt;" />
		</Unit>
		<Unit filename="src/Solver/PipeCG.f90">
			<Option target="&lt;{~None~}&gt;" />
		</Unit>
		<Unit filename="src/Tests/Tests.f90">
			<Option target="&lt;{~None~}&gt;" />
		</Unit>
		<Unit filename="src/Tests/Tests_basis_functions.f90">
			<Option target="&lt;{~None~}&gt;" />
		</Unit>
		<Unit filename="src/Tests/Tests_consistency_traversal.f90">
			<Option target="&lt;{~None~}&gt;" />
		</Unit>
		<Unit filename="src/Tests/Tests_data_types.f90">
			<Option target="&lt;{~None~}&gt;" />
		</Unit>
		<Unit filename="src/Tests/Tests_flops_traversal.f90">
			<Option target="&lt;{~None~}&gt;" />
		</Unit>
		<Unit filename="src/Tests/Tests_initialize.f90">
			<Option target="&lt;{~None~}&gt;" />
		</Unit>
		<Unit filename="src/Tests/Tests_memory_traversal.f90">
			<Option target="&lt;{~None~}&gt;" />
		</Unit>
		<Unit filename="src/Tests/Tests_node_dummy_traversal.f90">
			<Option target="&lt;{~None~}&gt;" />
		</Unit>
		<Unit filename="src/Tools_adaptive_traversal.f90">
			<Option target="&lt;{~None~}&gt;" />
		</Unit>
		<Unit filename="src/Tools_grid.f90">
			<Option target="&lt;{~None~}&gt;" />
		</Unit>
		<Unit filename="src/Tools_grid_variable.f90">
			<Option target="&lt;{~None~}&gt;" />
		</Unit>
		<Unit filename="src/Tools_list.f90">
			<Option target="&lt;{~None~}&gt;" />
		</Unit>
		<Unit filename="src/Tools_local_function_space.f90">
			<Option target="&lt;{~None~}&gt;" />
		</Unit>
		<Unit filename="src/Tools_log.f90">
			<Option target="&lt;{~None~}&gt;" />
		</Unit>
		<Unit filename="src/Tools_noise.f90">
			<Option target="&lt;{~None~}&gt;" />
		</Unit>
		<Unit filename="src/Tools_stack.f90">
			<Option target="&lt;{~None~}&gt;" />
		</Unit>
		<Unit filename="src/Tools_statistics.f90">
			<Option target="&lt;{~None~}&gt;" />
		</Unit>
		<Unit filename="src/Tools_stream.f90">
			<Option target="&lt;{~None~}&gt;" />
		</Unit>
		<Unit filename="src/geoclaw/c_bind_riemannsolvers.f90">
			<Option target="&lt;{~None~}&gt;" />
		</Unit>
		<Unit filename="src/geoclaw/riemannsolvers.f">
			<Option target="&lt;{~None~}&gt;" />
		</Unit>
		<Unit filename="src/geoclaw/riemannsolvers_qp.f">
			<Option target="&lt;{~None~}&gt;" />
		</Unit>
		<Unit filename="src/geoclaw/riemannsolvers_sp.f">
			<Option target="&lt;{~None~}&gt;" />
		</Unit>
		<Extensions>
			<code_completion />
			<debugger />
		</Extensions>
	</Project>
</CodeBlocks_project_file>
